// !$*UTF8*$!
{
	archiveVersion = 1;
	classes = {
	};
	objectVersion = 77;
	objects = {

/* Begin PBXBuildFile section */
		183D25902B56695D001FDBDB /* ExamplesApp.swift in Sources */ = {isa = PBXBuildFile; fileRef = 183D258F2B56695D001FDBDB /* ExamplesApp.swift */; };
		183D25922B56695D001FDBDB /* ContentView.swift in Sources */ = {isa = PBXBuildFile; fileRef = 183D25912B56695D001FDBDB /* ContentView.swift */; };
		183D25942B566967001FDBDB /* Assets.xcassets in Resources */ = {isa = PBXBuildFile; fileRef = 183D25932B566967001FDBDB /* Assets.xcassets */; };
		183D25A12B5669ED001FDBDB /* WebUI in Frameworks */ = {isa = PBXBuildFile; productRef = 183D25A02B5669ED001FDBDB /* WebUI */; };
		183D25A32B566AE8001FDBDB /* AppDelegate.swift in Sources */ = {isa = PBXBuildFile; fileRef = 183D25A22B566AE8001FDBDB /* AppDelegate.swift */; };
		1852BC8F2CBFB72600133987 /* sample.html in Resources */ = {isa = PBXBuildFile; fileRef = 1852BC8E2CBFB72600133987 /* sample.html */; };
		1899E0F72BC7AE8E00BDCFD4 /* ExamplesUITests.swift in Sources */ = {isa = PBXBuildFile; fileRef = 1899E0F62BC7AE8E00BDCFD4 /* ExamplesUITests.swift */; };
		18C686122B6B3DB600D45A40 /* ContentViewState.swift in Sources */ = {isa = PBXBuildFile; fileRef = 18C686112B6B3DB600D45A40 /* ContentViewState.swift */; };
/* End PBXBuildFile section */

/* Begin PBXContainerItemProxy section */
		1899E0FA2BC7AE8E00BDCFD4 /* PBXContainerItemProxy */ = {
			isa = PBXContainerItemProxy;
			containerPortal = 183D25842B56695D001FDBDB /* Project object */;
			proxyType = 1;
			remoteGlobalIDString = 183D258B2B56695D001FDBDB;
			remoteInfo = Examples;
		};
/* End PBXContainerItemProxy section */

/* Begin PBXFileReference section */
		183D258C2B56695D001FDBDB /* Examples.app */ = {isa = PBXFileReference; explicitFileType = wrapper.application; includeInIndex = 0; path = Examples.app; sourceTree = BUILT_PRODUCTS_DIR; };
		183D258F2B56695D001FDBDB /* ExamplesApp.swift */ = {isa = PBXFileReference; lastKnownFileType = sourcecode.swift; path = ExamplesApp.swift; sourceTree = "<group>"; };
		183D25912B56695D001FDBDB /* ContentView.swift */ = {isa = PBXFileReference; lastKnownFileType = sourcecode.swift; path = ContentView.swift; sourceTree = "<group>"; };
		183D25932B566967001FDBDB /* Assets.xcassets */ = {isa = PBXFileReference; lastKnownFileType = folder.assetcatalog; path = Assets.xcassets; sourceTree = "<group>"; };
		183D25952B566967001FDBDB /* Examples.entitlements */ = {isa = PBXFileReference; lastKnownFileType = text.plist.entitlements; path = Examples.entitlements; sourceTree = "<group>"; };
		183D259E2B56699B001FDBDB /* WebUI */ = {isa = PBXFileReference; lastKnownFileType = wrapper; name = WebUI; path = ..; sourceTree = "<group>"; };
		183D25A22B566AE8001FDBDB /* AppDelegate.swift */ = {isa = PBXFileReference; lastKnownFileType = sourcecode.swift; path = AppDelegate.swift; sourceTree = "<group>"; };
		183D25A42B566BDB001FDBDB /* Examples.xctestplan */ = {isa = PBXFileReference; lastKnownFileType = text; path = Examples.xctestplan; sourceTree = "<group>"; };
		1852BC8E2CBFB72600133987 /* sample.html */ = {isa = PBXFileReference; lastKnownFileType = text.html; path = sample.html; sourceTree = "<group>"; };
		1899E0F42BC7AE8E00BDCFD4 /* ExamplesUITests.xctest */ = {isa = PBXFileReference; explicitFileType = wrapper.cfbundle; includeInIndex = 0; path = ExamplesUITests.xctest; sourceTree = BUILT_PRODUCTS_DIR; };
		1899E0F62BC7AE8E00BDCFD4 /* ExamplesUITests.swift */ = {isa = PBXFileReference; lastKnownFileType = sourcecode.swift; path = ExamplesUITests.swift; sourceTree = "<group>"; };
		18C686112B6B3DB600D45A40 /* ContentViewState.swift */ = {isa = PBXFileReference; lastKnownFileType = sourcecode.swift; path = ContentViewState.swift; sourceTree = "<group>"; };
/* End PBXFileReference section */

/* Begin PBXFrameworksBuildPhase section */
		183D25892B56695D001FDBDB /* Frameworks */ = {
			isa = PBXFrameworksBuildPhase;
			buildActionMask = 2147483647;
			files = (
				183D25A12B5669ED001FDBDB /* WebUI in Frameworks */,
			);
			runOnlyForDeploymentPostprocessing = 0;
		};
		1899E0F12BC7AE8E00BDCFD4 /* Frameworks */ = {
			isa = PBXFrameworksBuildPhase;
			buildActionMask = 2147483647;
			files = (
			);
			runOnlyForDeploymentPostprocessing = 0;
		};
/* End PBXFrameworksBuildPhase section */

/* Begin PBXGroup section */
		183D25832B56695D001FDBDB = {
			isa = PBXGroup;
			children = (
				183D25A42B566BDB001FDBDB /* Examples.xctestplan */,
				183D259E2B56699B001FDBDB /* WebUI */,
				183D258E2B56695D001FDBDB /* Examples */,
				1899E0F52BC7AE8E00BDCFD4 /* ExamplesUITests */,
				183D258D2B56695D001FDBDB /* Products */,
				183D259F2B5669ED001FDBDB /* Frameworks */,
			);
			sourceTree = "<group>";
		};
		183D258D2B56695D001FDBDB /* Products */ = {
			isa = PBXGroup;
			children = (
				183D258C2B56695D001FDBDB /* Examples.app */,
				1899E0F42BC7AE8E00BDCFD4 /* ExamplesUITests.xctest */,
			);
			name = Products;
			sourceTree = "<group>";
		};
		183D258E2B56695D001FDBDB /* Examples */ = {
			isa = PBXGroup;
			children = (
				183D25952B566967001FDBDB /* Examples.entitlements */,
				183D25932B566967001FDBDB /* Assets.xcassets */,
				1852BC8E2CBFB72600133987 /* sample.html */,
				183D25A22B566AE8001FDBDB /* AppDelegate.swift */,
				183D258F2B56695D001FDBDB /* ExamplesApp.swift */,
				183D25912B56695D001FDBDB /* ContentView.swift */,
				18C686112B6B3DB600D45A40 /* ContentViewState.swift */,
			);
			path = Examples;
			sourceTree = "<group>";
		};
		183D259F2B5669ED001FDBDB /* Frameworks */ = {
			isa = PBXGroup;
			children = (
			);
			name = Frameworks;
			sourceTree = "<group>";
		};
		1899E0F52BC7AE8E00BDCFD4 /* ExamplesUITests */ = {
			isa = PBXGroup;
			children = (
				1899E0F62BC7AE8E00BDCFD4 /* ExamplesUITests.swift */,
			);
			path = ExamplesUITests;
			sourceTree = "<group>";
		};
/* End PBXGroup section */

/* Begin PBXNativeTarget section */
		183D258B2B56695D001FDBDB /* Examples */ = {
			isa = PBXNativeTarget;
			buildConfigurationList = 183D259B2B566967001FDBDB /* Build configuration list for PBXNativeTarget "Examples" */;
			buildPhases = (
				184E6AF92E2B8BB000D08EBE /* Library Swift WebKit Workaround */,
				183D25882B56695D001FDBDB /* Sources */,
				183D25892B56695D001FDBDB /* Frameworks */,
				183D258A2B56695D001FDBDB /* Resources */,
			);
			buildRules = (
			);
			dependencies = (
			);
			name = Examples;
			packageProductDependencies = (
				183D25A02B5669ED001FDBDB /* WebUI */,
			);
			productName = Examples;
			productReference = 183D258C2B56695D001FDBDB /* Examples.app */;
			productType = "com.apple.product-type.application";
		};
		1899E0F32BC7AE8E00BDCFD4 /* ExamplesUITests */ = {
			isa = PBXNativeTarget;
			buildConfigurationList = 1899E0FE2BC7AE8E00BDCFD4 /* Build configuration list for PBXNativeTarget "ExamplesUITests" */;
			buildPhases = (
				1899E0F02BC7AE8E00BDCFD4 /* Sources */,
				1899E0F12BC7AE8E00BDCFD4 /* Frameworks */,
				1899E0F22BC7AE8E00BDCFD4 /* Resources */,
			);
			buildRules = (
			);
			dependencies = (
				1899E0FB2BC7AE8E00BDCFD4 /* PBXTargetDependency */,
			);
			name = ExamplesUITests;
			productName = ExamplesUITests;
			productReference = 1899E0F42BC7AE8E00BDCFD4 /* ExamplesUITests.xctest */;
			productType = "com.apple.product-type.bundle.ui-testing";
		};
/* End PBXNativeTarget section */

/* Begin PBXProject section */
		183D25842B56695D001FDBDB /* Project object */ = {
			isa = PBXProject;
			attributes = {
				BuildIndependentTargetsInParallel = 1;
				LastSwiftUpdateCheck = 1530;
				LastUpgradeCheck = 1620;
				TargetAttributes = {
					183D258B2B56695D001FDBDB = {
						CreatedOnToolsVersion = 15.2;
					};
					1899E0F32BC7AE8E00BDCFD4 = {
						CreatedOnToolsVersion = 15.3;
						TestTargetID = 183D258B2B56695D001FDBDB;
					};
				};
			};
			buildConfigurationList = 183D25872B56695D001FDBDB /* Build configuration list for PBXProject "Examples" */;
			developmentRegion = en;
			hasScannedForEncodings = 0;
			knownRegions = (
				en,
				Base,
			);
			mainGroup = 183D25832B56695D001FDBDB;
			preferredProjectObjectVersion = 77;
			productRefGroup = 183D258D2B56695D001FDBDB /* Products */;
			projectDirPath = "";
			projectRoot = "";
			targets = (
				183D258B2B56695D001FDBDB /* Examples */,
				1899E0F32BC7AE8E00BDCFD4 /* ExamplesUITests */,
			);
		};
/* End PBXProject section */

/* Begin PBXResourcesBuildPhase section */
		183D258A2B56695D001FDBDB /* Resources */ = {
			isa = PBXResourcesBuildPhase;
			buildActionMask = 2147483647;
			files = (
				183D25942B566967001FDBDB /* Assets.xcassets in Resources */,
				1852BC8F2CBFB72600133987 /* sample.html in Resources */,
			);
			runOnlyForDeploymentPostprocessing = 0;
		};
		1899E0F22BC7AE8E00BDCFD4 /* Resources */ = {
			isa = PBXResourcesBuildPhase;
			buildActionMask = 2147483647;
			files = (
			);
			runOnlyForDeploymentPostprocessing = 0;
		};
/* End PBXResourcesBuildPhase section */

/* Begin PBXShellScriptBuildPhase section */
		184E6AF92E2B8BB000D08EBE /* Library Swift WebKit Workaround */ = {
			isa = PBXShellScriptBuildPhase;
			alwaysOutOfDate = 1;
			buildActionMask = 2147483647;
			files = (
			);
			inputFileListPaths = (
			);
			inputPaths = (
			);
			name = "Library Swift WebKit Workaround";
			outputFileListPaths = (
			);
			outputPaths = (
			);
			runOnlyForDeploymentPostprocessing = 0;
			shellPath = /bin/sh;
			shellScript = "if [ \"$PLATFORM_DISPLAY_NAME\" = \"iOS Simulator\" ]; then\n    KEYWORD=\"iOS ${TARGET_DEVICE_OS_VERSION}\"\n    DYLD_FALLBACK_FRAMEWORK_PATH=$(xcrun simctl list devices -v | grep \"$KEYWORD\" | awk -F'[][]' '{print $2}')\n    DYLD_FALLBACK_FRAMEWORK_PATH=\"${DYLD_FALLBACK_FRAMEWORK_PATH}/Contents/Resources/RuntimeRoot/System/Cryptexes/OS/usr/lib/swift/\"\n    LIBRARY_FILE=\"libswiftWebKit.dylib\"\n    ln -sf \"${DYLD_FALLBACK_FRAMEWORK_PATH}/${LIBRARY_FILE}\" \"${BUILT_PRODUCTS_DIR}/${LIBRARY_FILE}\"\n    echo \"👉Created an alias for ${LIBRARY_FILE}\"\nfi\n";
			showEnvVarsInLog = 0;
		};
/* End PBXShellScriptBuildPhase section */

/* Begin PBXSourcesBuildPhase section */
		183D25882B56695D001FDBDB /* Sources */ = {
			isa = PBXSourcesBuildPhase;
			buildActionMask = 2147483647;
			files = (
				18C686122B6B3DB600D45A40 /* ContentViewState.swift in Sources */,
				183D25A32B566AE8001FDBDB /* AppDelegate.swift in Sources */,
				183D25922B56695D001FDBDB /* ContentView.swift in Sources */,
				183D25902B56695D001FDBDB /* ExamplesApp.swift in Sources */,
			);
			runOnlyForDeploymentPostprocessing = 0;
		};
		1899E0F02BC7AE8E00BDCFD4 /* Sources */ = {
			isa = PBXSourcesBuildPhase;
			buildActionMask = 2147483647;
			files = (
				1899E0F72BC7AE8E00BDCFD4 /* ExamplesUITests.swift in Sources */,
			);
			runOnlyForDeploymentPostprocessing = 0;
		};
/* End PBXSourcesBuildPhase section */

/* Begin PBXTargetDependency section */
		1899E0FB2BC7AE8E00BDCFD4 /* PBXTargetDependency */ = {
			isa = PBXTargetDependency;
			target = 183D258B2B56695D001FDBDB /* Examples */;
			targetProxy = 1899E0FA2BC7AE8E00BDCFD4 /* PBXContainerItemProxy */;
		};
/* End PBXTargetDependency section */

/* Begin XCBuildConfiguration section */
		183D25992B566967001FDBDB /* Debug */ = {
			isa = XCBuildConfiguration;
			buildSettings = {
				ALWAYS_SEARCH_USER_PATHS = NO;
				ASSETCATALOG_COMPILER_GENERATE_SWIFT_ASSET_SYMBOL_EXTENSIONS = YES;
				CLANG_ANALYZER_NONNULL = YES;
				CLANG_ANALYZER_NUMBER_OBJECT_CONVERSION = YES_AGGRESSIVE;
				CLANG_CXX_LANGUAGE_STANDARD = "gnu++20";
				CLANG_ENABLE_MODULES = YES;
				CLANG_ENABLE_OBJC_ARC = YES;
				CLANG_ENABLE_OBJC_WEAK = YES;
				CLANG_WARN_BLOCK_CAPTURE_AUTORELEASING = YES;
				CLANG_WARN_BOOL_CONVERSION = YES;
				CLANG_WARN_COMMA = YES;
				CLANG_WARN_CONSTANT_CONVERSION = YES;
				CLANG_WARN_DEPRECATED_OBJC_IMPLEMENTATIONS = YES;
				CLANG_WARN_DIRECT_OBJC_ISA_USAGE = YES_ERROR;
				CLANG_WARN_DOCUMENTATION_COMMENTS = YES;
				CLANG_WARN_EMPTY_BODY = YES;
				CLANG_WARN_ENUM_CONVERSION = YES;
				CLANG_WARN_INFINITE_RECURSION = YES;
				CLANG_WARN_INT_CONVERSION = YES;
				CLANG_WARN_NON_LITERAL_NULL_CONVERSION = YES;
				CLANG_WARN_OBJC_IMPLICIT_RETAIN_SELF = YES;
				CLANG_WARN_OBJC_LITERAL_CONVERSION = YES;
				CLANG_WARN_OBJC_ROOT_CLASS = YES_ERROR;
				CLANG_WARN_QUOTED_INCLUDE_IN_FRAMEWORK_HEADER = YES;
				CLANG_WARN_RANGE_LOOP_ANALYSIS = YES;
				CLANG_WARN_STRICT_PROTOTYPES = YES;
				CLANG_WARN_SUSPICIOUS_MOVE = YES;
				CLANG_WARN_UNGUARDED_AVAILABILITY = YES_AGGRESSIVE;
				CLANG_WARN_UNREACHABLE_CODE = YES;
				CLANG_WARN__DUPLICATE_METHOD_MATCH = YES;
				COPY_PHASE_STRIP = NO;
				DEAD_CODE_STRIPPING = YES;
				DEBUG_INFORMATION_FORMAT = dwarf;
				ENABLE_STRICT_OBJC_MSGSEND = YES;
				ENABLE_TESTABILITY = YES;
				ENABLE_USER_SCRIPT_SANDBOXING = YES;
				GCC_C_LANGUAGE_STANDARD = gnu17;
				GCC_DYNAMIC_NO_PIC = NO;
				GCC_NO_COMMON_BLOCKS = YES;
				GCC_OPTIMIZATION_LEVEL = 0;
				GCC_PREPROCESSOR_DEFINITIONS = (
					"DEBUG=1",
					"$(inherited)",
				);
				GCC_WARN_64_TO_32_BIT_CONVERSION = YES;
				GCC_WARN_ABOUT_RETURN_TYPE = YES_ERROR;
				GCC_WARN_UNDECLARED_SELECTOR = YES;
				GCC_WARN_UNINITIALIZED_AUTOS = YES_AGGRESSIVE;
				GCC_WARN_UNUSED_FUNCTION = YES;
				GCC_WARN_UNUSED_VARIABLE = YES;
				IPHONEOS_DEPLOYMENT_TARGET = 16.4;
				LOCALIZATION_PREFERS_STRING_CATALOGS = YES;
				MACOSX_DEPLOYMENT_TARGET = 14.0;
				MTL_ENABLE_DEBUG_INFO = INCLUDE_SOURCE;
				MTL_FAST_MATH = YES;
				ONLY_ACTIVE_ARCH = YES;
				SWIFT_ACTIVE_COMPILATION_CONDITIONS = "DEBUG $(inherited)";
				SWIFT_OPTIMIZATION_LEVEL = "-Onone";
			};
			name = Debug;
		};
		183D259A2B566967001FDBDB /* Release */ = {
			isa = XCBuildConfiguration;
			buildSettings = {
				ALWAYS_SEARCH_USER_PATHS = NO;
				ASSETCATALOG_COMPILER_GENERATE_SWIFT_ASSET_SYMBOL_EXTENSIONS = YES;
				CLANG_ANALYZER_NONNULL = YES;
				CLANG_ANALYZER_NUMBER_OBJECT_CONVERSION = YES_AGGRESSIVE;
				CLANG_CXX_LANGUAGE_STANDARD = "gnu++20";
				CLANG_ENABLE_MODULES = YES;
				CLANG_ENABLE_OBJC_ARC = YES;
				CLANG_ENABLE_OBJC_WEAK = YES;
				CLANG_WARN_BLOCK_CAPTURE_AUTORELEASING = YES;
				CLANG_WARN_BOOL_CONVERSION = YES;
				CLANG_WARN_COMMA = YES;
				CLANG_WARN_CONSTANT_CONVERSION = YES;
				CLANG_WARN_DEPRECATED_OBJC_IMPLEMENTATIONS = YES;
				CLANG_WARN_DIRECT_OBJC_ISA_USAGE = YES_ERROR;
				CLANG_WARN_DOCUMENTATION_COMMENTS = YES;
				CLANG_WARN_EMPTY_BODY = YES;
				CLANG_WARN_ENUM_CONVERSION = YES;
				CLANG_WARN_INFINITE_RECURSION = YES;
				CLANG_WARN_INT_CONVERSION = YES;
				CLANG_WARN_NON_LITERAL_NULL_CONVERSION = YES;
				CLANG_WARN_OBJC_IMPLICIT_RETAIN_SELF = YES;
				CLANG_WARN_OBJC_LITERAL_CONVERSION = YES;
				CLANG_WARN_OBJC_ROOT_CLASS = YES_ERROR;
				CLANG_WARN_QUOTED_INCLUDE_IN_FRAMEWORK_HEADER = YES;
				CLANG_WARN_RANGE_LOOP_ANALYSIS = YES;
				CLANG_WARN_STRICT_PROTOTYPES = YES;
				CLANG_WARN_SUSPICIOUS_MOVE = YES;
				CLANG_WARN_UNGUARDED_AVAILABILITY = YES_AGGRESSIVE;
				CLANG_WARN_UNREACHABLE_CODE = YES;
				CLANG_WARN__DUPLICATE_METHOD_MATCH = YES;
				COPY_PHASE_STRIP = NO;
				DEAD_CODE_STRIPPING = YES;
				DEBUG_INFORMATION_FORMAT = "dwarf-with-dsym";
				ENABLE_NS_ASSERTIONS = NO;
				ENABLE_STRICT_OBJC_MSGSEND = YES;
				ENABLE_USER_SCRIPT_SANDBOXING = YES;
				GCC_C_LANGUAGE_STANDARD = gnu17;
				GCC_NO_COMMON_BLOCKS = YES;
				GCC_WARN_64_TO_32_BIT_CONVERSION = YES;
				GCC_WARN_ABOUT_RETURN_TYPE = YES_ERROR;
				GCC_WARN_UNDECLARED_SELECTOR = YES;
				GCC_WARN_UNINITIALIZED_AUTOS = YES_AGGRESSIVE;
				GCC_WARN_UNUSED_FUNCTION = YES;
				GCC_WARN_UNUSED_VARIABLE = YES;
				IPHONEOS_DEPLOYMENT_TARGET = 16.4;
				LOCALIZATION_PREFERS_STRING_CATALOGS = YES;
				MACOSX_DEPLOYMENT_TARGET = 14.0;
				MTL_ENABLE_DEBUG_INFO = NO;
				MTL_FAST_MATH = YES;
				SWIFT_COMPILATION_MODE = wholemodule;
			};
			name = Release;
		};
		183D259C2B566967001FDBDB /* Debug */ = {
			isa = XCBuildConfiguration;
			buildSettings = {
				ASSETCATALOG_COMPILER_APPICON_NAME = AppIcon;
				CODE_SIGN_ENTITLEMENTS = Examples/Examples.entitlements;
				CODE_SIGN_STYLE = Automatic;
				CURRENT_PROJECT_VERSION = 1;
				DEAD_CODE_STRIPPING = YES;
				DEVELOPMENT_TEAM = "";
				ENABLE_PREVIEWS = YES;
				ENABLE_USER_SCRIPT_SANDBOXING = NO;
				GENERATE_INFOPLIST_FILE = YES;
				INFOPLIST_KEY_NSCameraUsageDescription = "Use Camera";
				INFOPLIST_KEY_NSMicrophoneUsageDescription = "Use Microphone";
				"INFOPLIST_KEY_UIApplicationSceneManifest_Generation[sdk=iphoneos*]" = YES;
				"INFOPLIST_KEY_UIApplicationSceneManifest_Generation[sdk=iphonesimulator*]" = YES;
				"INFOPLIST_KEY_UIApplicationSupportsIndirectInputEvents[sdk=iphoneos*]" = YES;
				"INFOPLIST_KEY_UIApplicationSupportsIndirectInputEvents[sdk=iphonesimulator*]" = YES;
				"INFOPLIST_KEY_UILaunchScreen_Generation[sdk=iphoneos*]" = YES;
				"INFOPLIST_KEY_UILaunchScreen_Generation[sdk=iphonesimulator*]" = YES;
				"INFOPLIST_KEY_UIStatusBarStyle[sdk=iphoneos*]" = UIStatusBarStyleDefault;
				"INFOPLIST_KEY_UIStatusBarStyle[sdk=iphonesimulator*]" = UIStatusBarStyleDefault;
				INFOPLIST_KEY_UISupportedInterfaceOrientations_iPad = "UIInterfaceOrientationPortrait UIInterfaceOrientationPortraitUpsideDown UIInterfaceOrientationLandscapeLeft UIInterfaceOrientationLandscapeRight";
				INFOPLIST_KEY_UISupportedInterfaceOrientations_iPhone = "UIInterfaceOrientationPortrait UIInterfaceOrientationLandscapeLeft UIInterfaceOrientationLandscapeRight";
				LD_RUNPATH_SEARCH_PATHS = "@executable_path/Frameworks";
				"LD_RUNPATH_SEARCH_PATHS[sdk=macosx*]" = "@executable_path/../Frameworks";
				MARKETING_VERSION = 1.0;
				PRODUCT_BUNDLE_IDENTIFIER = com.cybozu.webui.examples;
				PRODUCT_NAME = "$(TARGET_NAME)";
				SDKROOT = auto;
				SUPPORTED_PLATFORMS = "iphoneos iphonesimulator macosx";
				SWIFT_EMIT_LOC_STRINGS = YES;
				SWIFT_VERSION = 6.0;
				TARGETED_DEVICE_FAMILY = "1,2";
			};
			name = Debug;
		};
		183D259D2B566967001FDBDB /* Release */ = {
			isa = XCBuildConfiguration;
			buildSettings = {
				ASSETCATALOG_COMPILER_APPICON_NAME = AppIcon;
				CODE_SIGN_ENTITLEMENTS = Examples/Examples.entitlements;
				CODE_SIGN_STYLE = Automatic;
				CURRENT_PROJECT_VERSION = 1;
				DEAD_CODE_STRIPPING = YES;
				DEVELOPMENT_TEAM = "";
				ENABLE_PREVIEWS = YES;
				ENABLE_USER_SCRIPT_SANDBOXING = NO;
				GENERATE_INFOPLIST_FILE = YES;
				INFOPLIST_KEY_NSCameraUsageDescription = "Use Camera";
				INFOPLIST_KEY_NSMicrophoneUsageDescription = "Use Microphone";
				"INFOPLIST_KEY_UIApplicationSceneManifest_Generation[sdk=iphoneos*]" = YES;
				"INFOPLIST_KEY_UIApplicationSceneManifest_Generation[sdk=iphonesimulator*]" = YES;
				"INFOPLIST_KEY_UIApplicationSupportsIndirectInputEvents[sdk=iphoneos*]" = YES;
				"INFOPLIST_KEY_UIApplicationSupportsIndirectInputEvents[sdk=iphonesimulator*]" = YES;
				"INFOPLIST_KEY_UILaunchScreen_Generation[sdk=iphoneos*]" = YES;
				"INFOPLIST_KEY_UILaunchScreen_Generation[sdk=iphonesimulator*]" = YES;
				"INFOPLIST_KEY_UIStatusBarStyle[sdk=iphoneos*]" = UIStatusBarStyleDefault;
				"INFOPLIST_KEY_UIStatusBarStyle[sdk=iphonesimulator*]" = UIStatusBarStyleDefault;
				INFOPLIST_KEY_UISupportedInterfaceOrientations_iPad = "UIInterfaceOrientationPortrait UIInterfaceOrientationPortraitUpsideDown UIInterfaceOrientationLandscapeLeft UIInterfaceOrientationLandscapeRight";
				INFOPLIST_KEY_UISupportedInterfaceOrientations_iPhone = "UIInterfaceOrientationPortrait UIInterfaceOrientationLandscapeLeft UIInterfaceOrientationLandscapeRight";
				LD_RUNPATH_SEARCH_PATHS = "@executable_path/Frameworks";
				"LD_RUNPATH_SEARCH_PATHS[sdk=macosx*]" = "@executable_path/../Frameworks";
				MARKETING_VERSION = 1.0;
				PRODUCT_BUNDLE_IDENTIFIER = com.cybozu.webui.examples;
				PRODUCT_NAME = "$(TARGET_NAME)";
				SDKROOT = auto;
				SUPPORTED_PLATFORMS = "iphoneos iphonesimulator macosx";
				SWIFT_EMIT_LOC_STRINGS = YES;
				SWIFT_VERSION = 6.0;
				TARGETED_DEVICE_FAMILY = "1,2";
			};
			name = Release;
		};
		1899E0FC2BC7AE8E00BDCFD4 /* Debug */ = {
			isa = XCBuildConfiguration;
			buildSettings = {
				CODE_SIGN_STYLE = Automatic;
				CURRENT_PROJECT_VERSION = 1;
				DEAD_CODE_STRIPPING = YES;
				GENERATE_INFOPLIST_FILE = YES;
				MARKETING_VERSION = 1.0;
				PRODUCT_BUNDLE_IDENTIFIER = com.cybozu.ExamplesUITests;
				PRODUCT_NAME = "$(TARGET_NAME)";
				SDKROOT = auto;
				SUPPORTED_PLATFORMS = "iphoneos iphonesimulator macosx";
				SWIFT_EMIT_LOC_STRINGS = NO;
				SWIFT_VERSION = 6.0;
				TARGETED_DEVICE_FAMILY = "1,2";
				TEST_TARGET_NAME = Examples;
			};
			name = Debug;
		};
		1899E0FD2BC7AE8E00BDCFD4 /* Release */ = {
			isa = XCBuildConfiguration;
			buildSettings = {
				CODE_SIGN_STYLE = Automatic;
				CURRENT_PROJECT_VERSION = 1;
				DEAD_CODE_STRIPPING = YES;
				GENERATE_INFOPLIST_FILE = YES;
				MARKETING_VERSION = 1.0;
				PRODUCT_BUNDLE_IDENTIFIER = com.cybozu.ExamplesUITests;
				PRODUCT_NAME = "$(TARGET_NAME)";
				SDKROOT = auto;
				SUPPORTED_PLATFORMS = "iphoneos iphonesimulator macosx";
				SWIFT_EMIT_LOC_STRINGS = NO;
				SWIFT_VERSION = 6.0;
				TARGETED_DEVICE_FAMILY = "1,2";
				TEST_TARGET_NAME = Examples;
			};
			name = Release;
		};
/* End XCBuildConfiguration section */

/* Begin XCConfigurationList section */
		183D25872B56695D001FDBDB /* Build configuration list for PBXProject "Examples" */ = {
			isa = XCConfigurationList;
			buildConfigurations = (
				183D25992B566967001FDBDB /* Debug */,
				183D259A2B566967001FDBDB /* Release */,
			);
			defaultConfigurationIsVisible = 0;
			defaultConfigurationName = Release;
		};
		183D259B2B566967001FDBDB /* Build configuration list for PBXNativeTarget "Examples" */ = {
			isa = XCConfigurationList;
			buildConfigurations = (
				183D259C2B566967001FDBDB /* Debug */,
				183D259D2B566967001FDBDB /* Release */,
			);
			defaultConfigurationIsVisible = 0;
			defaultConfigurationName = Release;
		};
		1899E0FE2BC7AE8E00BDCFD4 /* Build configuration list for PBXNativeTarget "ExamplesUITests" */ = {
			isa = XCConfigurationList;
			buildConfigurations = (
				1899E0FC2BC7AE8E00BDCFD4 /* Debug */,
				1899E0FD2BC7AE8E00BDCFD4 /* Release */,
			);
			defaultConfigurationIsVisible = 0;
			defaultConfigurationName = Release;
		};
/* End XCConfigurationList section */

/* Begin XCSwiftPackageProductDependency section */
		183D25A02B5669ED001FDBDB /* WebUI */ = {
			isa = XCSwiftPackageProductDependency;
			productName = WebUI;
		};
/* End XCSwiftPackageProductDependency section */
	};
	rootObject = 183D25842B56695D001FDBDB /* Project object */;
}
